// !$*UTF8*$!
{
	archiveVersion = 1;
	classes = {
	};
	objectVersion = 46;
	objects = {

/* Begin PBXBuildFile section */
		B8BA25EB1A70CD6300C92298 /* main.m in Sources */ = {isa = PBXBuildFile; fileRef = B8BA25EA1A70CD6300C92298 /* main.m */; };
		B8BA25EE1A70CD6300C92298 /* AppDelegate.m in Sources */ = {isa = PBXBuildFile; fileRef = B8BA25ED1A70CD6300C92298 /* AppDelegate.m */; };
		B8BA25F11A70CD6300C92298 /* ViewController.m in Sources */ = {isa = PBXBuildFile; fileRef = B8BA25F01A70CD6300C92298 /* ViewController.m */; };
		B8BA25F41A70CD6300C92298 /* Main.storyboard in Resources */ = {isa = PBXBuildFile; fileRef = B8BA25F21A70CD6300C92298 /* Main.storyboard */; };
		B8BA25F61A70CD6300C92298 /* Images.xcassets in Resources */ = {isa = PBXBuildFile; fileRef = B8BA25F51A70CD6300C92298 /* Images.xcassets */; };
		B8BA25F91A70CD6300C92298 /* LaunchScreen.xib in Resources */ = {isa = PBXBuildFile; fileRef = B8BA25F71A70CD6300C92298 /* LaunchScreen.xib */; };
		B8BA26051A70CD6300C92298 /* BabycameraTests.m in Sources */ = {isa = PBXBuildFile; fileRef = B8BA26041A70CD6300C92298 /* BabycameraTests.m */; };
/* End PBXBuildFile section */

/* Begin PBXContainerItemProxy section */
		B8BA25FF1A70CD6300C92298 /* PBXContainerItemProxy */ = {
			isa = PBXContainerItemProxy;
			containerPortal = B8BA25DD1A70CD6300C92298 /* Project object */;
			proxyType = 1;
			remoteGlobalIDString = B8BA25E41A70CD6300C92298;
			remoteInfo = Babycamera;
		};
/* End PBXContainerItemProxy section */

/* Begin PBXFileReference section */
		B8BA25E51A70CD6300C92298 /* Babycamera.app */ = {isa = PBXFileReference; explicitFileType = wrapper.application; includeInIndex = 0; path = Babycamera.app; sourceTree = BUILT_PRODUCTS_DIR; };
		B8BA25E91A70CD6300C92298 /* Info.plist */ = {isa = PBXFileReference; lastKnownFileType = text.plist.xml; path = Info.plist; sourceTree = "<group>"; };
		B8BA25EA1A70CD6300C92298 /* main.m */ = {isa = PBXFileReference; lastKnownFileType = sourcecode.c.objc; path = main.m; sourceTree = "<group>"; };
		B8BA25EC1A70CD6300C92298 /* AppDelegate.h */ = {isa = PBXFileReference; lastKnownFileType = sourcecode.c.h; path = AppDelegate.h; sourceTree = "<group>"; };
		B8BA25ED1A70CD6300C92298 /* AppDelegate.m */ = {isa = PBXFileReference; lastKnownFileType = sourcecode.c.objc; path = AppDelegate.m; sourceTree = "<group>"; };
		B8BA25EF1A70CD6300C92298 /* ViewController.h */ = {isa = PBXFileReference; lastKnownFileType = sourcecode.c.h; path = ViewController.h; sourceTree = "<group>"; };
		B8BA25F01A70CD6300C92298 /* ViewController.m */ = {isa = PBXFileReference; lastKnownFileType = sourcecode.c.objc; path = ViewController.m; sourceTree = "<group>"; };
		B8BA25F31A70CD6300C92298 /* Base */ = {isa = PBXFileReference; lastKnownFileType = file.storyboard; name = Base; path = Base.lproj/Main.storyboard; sourceTree = "<group>"; };
		B8BA25F51A70CD6300C92298 /* Images.xcassets */ = {isa = PBXFileReference; lastKnownFileType = folder.assetcatalog; path = Images.xcassets; sourceTree = "<group>"; };
		B8BA25F81A70CD6300C92298 /* Base */ = {isa = PBXFileReference; lastKnownFileType = file.xib; name = Base; path = Base.lproj/LaunchScreen.xib; sourceTree = "<group>"; };
		B8BA25FE1A70CD6300C92298 /* BabycameraTests.xctest */ = {isa = PBXFileReference; explicitFileType = wrapper.cfbundle; includeInIndex = 0; path = BabycameraTests.xctest; sourceTree = BUILT_PRODUCTS_DIR; };
		B8BA26031A70CD6300C92298 /* Info.plist */ = {isa = PBXFileReference; lastKnownFileType = text.plist.xml; path = Info.plist; sourceTree = "<group>"; };
		B8BA26041A70CD6300C92298 /* BabycameraTests.m */ = {isa = PBXFileReference; lastKnownFileType = sourcecode.c.objc; path = BabycameraTests.m; sourceTree = "<group>"; };
/* End PBXFileReference section */

/* Begin PBXFrameworksBuildPhase section */
		B8BA25E21A70CD6300C92298 /* Frameworks */ = {
			isa = PBXFrameworksBuildPhase;
			buildActionMask = 2147483647;
			files = (
			);
			runOnlyForDeploymentPostprocessing = 0;
		};
		B8BA25FB1A70CD6300C92298 /* Frameworks */ = {
			isa = PBXFrameworksBuildPhase;
			buildActionMask = 2147483647;
			files = (
			);
			runOnlyForDeploymentPostprocessing = 0;
		};
/* End PBXFrameworksBuildPhase section */

/* Begin PBXGroup section */
		B8BA25DC1A70CD6300C92298 = {
			isa = PBXGroup;
			children = (
				B8BA25E71A70CD6300C92298 /* Babycamera */,
				B8BA26011A70CD6300C92298 /* BabycameraTests */,
				B8BA25E61A70CD6300C92298 /* Products */,
			);
			sourceTree = "<group>";
		};
		B8BA25E61A70CD6300C92298 /* Products */ = {
			isa = PBXGroup;
			children = (
				B8BA25E51A70CD6300C92298 /* Babycamera.app */,
				B8BA25FE1A70CD6300C92298 /* BabycameraTests.xctest */,
			);
			name = Products;
			sourceTree = "<group>";
		};
		B8BA25E71A70CD6300C92298 /* Babycamera */ = {
			isa = PBXGroup;
			children = (
				B8BA25EC1A70CD6300C92298 /* AppDelegate.h */,
				B8BA25ED1A70CD6300C92298 /* AppDelegate.m */,
				B8BA25EF1A70CD6300C92298 /* ViewController.h */,
				B8BA25F01A70CD6300C92298 /* ViewController.m */,
				B8BA25F21A70CD6300C92298 /* Main.storyboard */,
				B8BA25F51A70CD6300C92298 /* Images.xcassets */,
				B8BA25F71A70CD6300C92298 /* LaunchScreen.xib */,
				B8BA25E81A70CD6300C92298 /* Supporting Files */,
			);
			path = Babycamera;
			sourceTree = "<group>";
		};
		B8BA25E81A70CD6300C92298 /* Supporting Files */ = {
			isa = PBXGroup;
			children = (
				B8BA25E91A70CD6300C92298 /* Info.plist */,
				B8BA25EA1A70CD6300C92298 /* main.m */,
			);
			name = "Supporting Files";
			sourceTree = "<group>";
		};
		B8BA26011A70CD6300C92298 /* BabycameraTests */ = {
			isa = PBXGroup;
			children = (
				B8BA26041A70CD6300C92298 /* BabycameraTests.m */,
				B8BA26021A70CD6300C92298 /* Supporting Files */,
			);
			path = BabycameraTests;
			sourceTree = "<group>";
		};
		B8BA26021A70CD6300C92298 /* Supporting Files */ = {
			isa = PBXGroup;
			children = (
				B8BA26031A70CD6300C92298 /* Info.plist */,
			);
			name = "Supporting Files";
			sourceTree = "<group>";
		};
/* End PBXGroup section */

/* Begin PBXNativeTarget section */
		B8BA25E41A70CD6300C92298 /* Babycamera */ = {
			isa = PBXNativeTarget;
			buildConfigurationList = B8BA26081A70CD6300C92298 /* Build configuration list for PBXNativeTarget "Babycamera" */;
			buildPhases = (
				B8BA25E11A70CD6300C92298 /* Sources */,
				B8BA25E21A70CD6300C92298 /* Frameworks */,
				B8BA25E31A70CD6300C92298 /* Resources */,
			);
			buildRules = (
			);
			dependencies = (
			);
			name = Babycamera;
			productName = Babycamera;
			productReference = B8BA25E51A70CD6300C92298 /* Babycamera.app */;
			productType = "com.apple.product-type.application";
		};
		B8BA25FD1A70CD6300C92298 /* BabycameraTests */ = {
			isa = PBXNativeTarget;
			buildConfigurationList = B8BA260B1A70CD6300C92298 /* Build configuration list for PBXNativeTarget "BabycameraTests" */;
			buildPhases = (
				B8BA25FA1A70CD6300C92298 /* Sources */,
				B8BA25FB1A70CD6300C92298 /* Frameworks */,
				B8BA25FC1A70CD6300C92298 /* Resources */,
			);
			buildRules = (
			);
			dependencies = (
				B8BA26001A70CD6300C92298 /* PBXTargetDependency */,
			);
			name = BabycameraTests;
			productName = BabycameraTests;
			productReference = B8BA25FE1A70CD6300C92298 /* BabycameraTests.xctest */;
			productType = "com.apple.product-type.bundle.unit-test";
		};
/* End PBXNativeTarget section */

/* Begin PBXProject section */
		B8BA25DD1A70CD6300C92298 /* Project object */ = {
			isa = PBXProject;
			attributes = {
				LastUpgradeCheck = 0610;
				ORGANIZATIONNAME = "莫景涛";
				TargetAttributes = {
					B8BA25E41A70CD6300C92298 = {
						CreatedOnToolsVersion = 6.1.1;
					};
					B8BA25FD1A70CD6300C92298 = {
						CreatedOnToolsVersion = 6.1.1;
						TestTargetID = B8BA25E41A70CD6300C92298;
					};
				};
			};
			buildConfigurationList = B8BA25E01A70CD6300C92298 /* Build configuration list for PBXProject "Babycamera" */;
			compatibilityVersion = "Xcode 3.2";
			developmentRegion = English;
			hasScannedForEncodings = 0;
			knownRegions = (
				en,
				Base,
			);
			mainGroup = B8BA25DC1A70CD6300C92298;
			productRefGroup = B8BA25E61A70CD6300C92298 /* Products */;
			projectDirPath = "";
			projectRoot = "";
			targets = (
				B8BA25E41A70CD6300C92298 /* Babycamera */,
				B8BA25FD1A70CD6300C92298 /* BabycameraTests */,
			);
		};
/* End PBXProject section */

/* Begin PBXResourcesBuildPhase section */
		B8BA25E31A70CD6300C92298 /* Resources */ = {
			isa = PBXResourcesBuildPhase;
			buildActionMask = 2147483647;
			files = (
				B8BA25F41A70CD6300C92298 /* Main.storyboard in Resources */,
				B8BA25F91A70CD6300C92298 /* LaunchScreen.xib in Resources */,
				B8BA25F61A70CD6300C92298 /* Images.xcassets in Resources */,
			);
			runOnlyForDeploymentPostprocessing = 0;
		};
		B8BA25FC1A70CD6300C92298 /* Resources */ = {
			isa = PBXResourcesBuildPhase;
			buildActionMask = 2147483647;
			files = (
			);
			runOnlyForDeploymentPostprocessing = 0;
		};
/* End PBXResourcesBuildPhase section */

/* Begin PBXSourcesBuildPhase section */
		B8BA25E11A70CD6300C92298 /* Sources */ = {
			isa = PBXSourcesBuildPhase;
			buildActionMask = 2147483647;
			files = (
				B8BA25F11A70CD6300C92298 /* ViewController.m in Sources */,
				B8BA25EE1A70CD6300C92298 /* AppDelegate.m in Sources */,
				B8BA25EB1A70CD6300C92298 /* main.m in Sources */,
			);
			runOnlyForDeploymentPostprocessing = 0;
		};
		B8BA25FA1A70CD6300C92298 /* Sources */ = {
			isa = PBXSourcesBuildPhase;
			buildActionMask = 2147483647;
			files = (
				B8BA26051A70CD6300C92298 /* BabycameraTests.m in Sources */,
			);
			runOnlyForDeploymentPostprocessing = 0;
		};
/* End PBXSourcesBuildPhase section */

/* Begin PBXTargetDependency section */
		B8BA26001A70CD6300C92298 /* PBXTargetDependency */ = {
			isa = PBXTargetDependency;
			target = B8BA25E41A70CD6300C92298 /* Babycamera */;
			targetProxy = B8BA25FF1A70CD6300C92298 /* PBXContainerItemProxy */;
		};
/* End PBXTargetDependency section */

/* Begin PBXVariantGroup section */
		B8BA25F21A70CD6300C92298 /* Main.storyboard */ = {
			isa = PBXVariantGroup;
			children = (
				B8BA25F31A70CD6300C92298 /* Base */,
			);
			name = Main.storyboard;
			sourceTree = "<group>";
		};
		B8BA25F71A70CD6300C92298 /* LaunchScreen.xib */ = {
			isa = PBXVariantGroup;
			children = (
				B8BA25F81A70CD6300C92298 /* Base */,
			);
			name = LaunchScreen.xib;
			sourceTree = "<group>";
		};
/* End PBXVariantGroup section */

/* Begin XCBuildConfiguration section */
		B8BA26061A70CD6300C92298 /* Debug */ = {
			isa = XCBuildConfiguration;
			buildSettings = {
				ALWAYS_SEARCH_USER_PATHS = NO;
				CLANG_CXX_LANGUAGE_STANDARD = "gnu++0x";
				CLANG_CXX_LIBRARY = "libc++";
				CLANG_ENABLE_MODULES = YES;
				CLANG_ENABLE_OBJC_ARC = YES;
				CLANG_WARN_BOOL_CONVERSION = YES;
				CLANG_WARN_CONSTANT_CONVERSION = YES;
				CLANG_WARN_DIRECT_OBJC_ISA_USAGE = YES_ERROR;
				CLANG_WARN_EMPTY_BODY = YES;
				CLANG_WARN_ENUM_CONVERSION = YES;
				CLANG_WARN_INT_CONVERSION = YES;
				CLANG_WARN_OBJC_ROOT_CLASS = YES_ERROR;
				CLANG_WARN_UNREACHABLE_CODE = YES;
				CLANG_WARN__DUPLICATE_METHOD_MATCH = YES;
				"CODE_SIGN_IDENTITY[sdk=iphoneos*]" = "iPhone Developer";
				COPY_PHASE_STRIP = NO;
				ENABLE_STRICT_OBJC_MSGSEND = YES;
				GCC_C_LANGUAGE_STANDARD = gnu99;
				GCC_DYNAMIC_NO_PIC = NO;
				GCC_OPTIMIZATION_LEVEL = 0;
				GCC_PREPROCESSOR_DEFINITIONS = (
					"DEBUG=1",
					"$(inherited)",
				);
				GCC_SYMBOLS_PRIVATE_EXTERN = NO;
				GCC_WARN_64_TO_32_BIT_CONVERSION = YES;
				GCC_WARN_ABOUT_RETURN_TYPE = YES_ERROR;
				GCC_WARN_UNDECLARED_SELECTOR = YES;
				GCC_WARN_UNINITIALIZED_AUTOS = YES_AGGRESSIVE;
				GCC_WARN_UNUSED_FUNCTION = YES;
				GCC_WARN_UNUSED_VARIABLE = YES;
				IPHONEOS_DEPLOYMENT_TARGET = 8.1;
				MTL_ENABLE_DEBUG_INFO = YES;
				ONLY_ACTIVE_ARCH = YES;
				SDKROOT = iphoneos;
			};
			name = Debug;
		};
		B8BA26071A70CD6300C92298 /* Release */ = {
			isa = XCBuildConfiguration;
			buildSettings = {
				ALWAYS_SEARCH_USER_PATHS = NO;
				CLANG_CXX_LANGUAGE_STANDARD = "gnu++0x";
				CLANG_CXX_LIBRARY = "libc++";
				CLANG_ENABLE_MODULES = YES;
				CLANG_ENABLE_OBJC_ARC = YES;
				CLANG_WARN_BOOL_CONVERSION = YES;
				CLANG_WARN_CONSTANT_CONVERSION = YES;
				CLANG_WARN_DIRECT_OBJC_ISA_USAGE = YES_ERROR;
				CLANG_WARN_EMPTY_BODY = YES;
				CLANG_WARN_ENUM_CONVERSION = YES;
				CLANG_WARN_INT_CONVERSION = YES;
				CLANG_WARN_OBJC_ROOT_CLASS = YES_ERROR;
				CLANG_WARN_UNREACHABLE_CODE = YES;
				CLANG_WARN__DUPLICATE_METHOD_MATCH = YES;
				"CODE_SIGN_IDENTITY[sdk=iphoneos*]" = "iPhone Developer";
				COPY_PHASE_STRIP = YES;
				ENABLE_NS_ASSERTIONS = NO;
				ENABLE_STRICT_OBJC_MSGSEND = YES;
				GCC_C_LANGUAGE_STANDARD = gnu99;
				GCC_WARN_64_TO_32_BIT_CONVERSION = YES;
				GCC_WARN_ABOUT_RETURN_TYPE = YES_ERROR;
				GCC_WARN_UNDECLARED_SELECTOR = YES;
				GCC_WARN_UNINITIALIZED_AUTOS = YES_AGGRESSIVE;
				GCC_WARN_UNUSED_FUNCTION = YES;
				GCC_WARN_UNUSED_VARIABLE = YES;
				IPHONEOS_DEPLOYMENT_TARGET = 8.1;
				MTL_ENABLE_DEBUG_INFO = NO;
				SDKROOT = iphoneos;
				VALIDATE_PRODUCT = YES;
			};
			name = Release;
		};
		B8BA26091A70CD6300C92298 /* Debug */ = {
			isa = XCBuildConfiguration;
			buildSettings = {
				ASSETCATALOG_COMPILER_APPICON_NAME = AppIcon;
				INFOPLIST_FILE = Babycamera/Info.plist;
				LD_RUNPATH_SEARCH_PATHS = "$(inherited) @executable_path/Frameworks";
				PRODUCT_NAME = "$(TARGET_NAME)";
			};
			name = Debug;
		};
		B8BA260A1A70CD6300C92298 /* Release */ = {
			isa = XCBuildConfiguration;
			buildSettings = {
				ASSETCATALOG_COMPILER_APPICON_NAME = AppIcon;
				INFOPLIST_FILE = Babycamera/Info.plist;
				LD_RUNPATH_SEARCH_PATHS = "$(inherited) @executable_path/Frameworks";
				PRODUCT_NAME = "$(TARGET_NAME)";
			};
			name = Release;
		};
		B8BA260C1A70CD6300C92298 /* Debug */ = {
			isa = XCBuildConfiguration;
			buildSettings = {
				BUNDLE_LOADER = "$(TEST_HOST)";
				FRAMEWORK_SEARCH_PATHS = (
					"$(SDKROOT)/Developer/Library/Frameworks",
					"$(inherited)",
				);
				GCC_PREPROCESSOR_DEFINITIONS = (
					"DEBUG=1",
					"$(inherited)",
				);
				INFOPLIST_FILE = BabycameraTests/Info.plist;
				LD_RUNPATH_SEARCH_PATHS = "$(inherited) @executable_path/Frameworks @loader_path/Frameworks";
				PRODUCT_NAME = "$(TARGET_NAME)";
				TEST_HOST = "$(BUILT_PRODUCTS_DIR)/Babycamera.app/Babycamera";
			};
			name = Debug;
		};
		B8BA260D1A70CD6300C92298 /* Release */ = {
			isa = XCBuildConfiguration;
			buildSettings = {
				BUNDLE_LOADER = "$(TEST_HOST)";
				FRAMEWORK_SEARCH_PATHS = (
					"$(SDKROOT)/Developer/Library/Frameworks",
					"$(inherited)",
				);
				INFOPLIST_FILE = BabycameraTests/Info.plist;
				LD_RUNPATH_SEARCH_PATHS = "$(inherited) @executable_path/Frameworks @loader_path/Frameworks";
				PRODUCT_NAME = "$(TARGET_NAME)";
				TEST_HOST = "$(BUILT_PRODUCTS_DIR)/Babycamera.app/Babycamera";
			};
			name = Release;
		};
/* End XCBuildConfiguration section */

/* Begin XCConfigurationList section */
		B8BA25E01A70CD6300C92298 /* Build configuration list for PBXProject "Babycamera" */ = {
			isa = XCConfigurationList;
			buildConfigurations = (
				B8BA26061A70CD6300C92298 /* Debug */,
				B8BA26071A70CD6300C92298 /* Release */,
			);
			defaultConfigurationIsVisible = 0;
			defaultConfigurationName = Release;
		};
		B8BA26081A70CD6300C92298 /* Build configuration list for PBXNativeTarget "Babycamera" */ = {
			isa = XCConfigurationList;
			buildConfigurations = (
				B8BA26091A70CD6300C92298 /* Debug */,
				B8BA260A1A70CD6300C92298 /* Release */,
			);
			defaultConfigurationIsVisible = 0;
		};
		B8BA260B1A70CD6300C92298 /* Build configuration list for PBXNativeTarget "BabycameraTests" */ = {
			isa = XCConfigurationList;
			buildConfigurations = (
				B8BA260C1A70CD6300C92298 /* Debug */,
				B8BA260D1A70CD6300C92298 /* Release */,
			);
			defaultConfigurationIsVisible = 0;
		};
/* End XCConfigurationList section */
	};
	rootObject = B8BA25DD1A70CD6300C92298 /* Project object */;
}
